
Microsoft Visual Studio Solution File, Format Version 12.00
# Visual Studio Version 16
VisualStudioVersion = 16.0.32126.315
MinimumVisualStudioVersion = 10.0.40219.1
Project("{8BC9CEB8-8B4A-11D0-8D11-00A0C91BC942}") = "PK4_PROJEKT_Sudoku", "PK4_PROJEKT_Sudoku.vcxproj", "{4CE28C84-0CB5-41F8-B2BE-F6454F34EB30}"
EndProject
Project("{8BC9CEB8-8B4A-11D0-8D11-00A0C91BC942}") = "sudoku", "sudoku\sudoku.vcxproj", "{EB681D80-E0AE-4D9F-9AD5-15DFC8E7E558}"
EndProject
Global
	GlobalSection(SolutionConfigurationPlatforms) = preSolution
		Debug|x64 = Debug|x64
		Debug|x86 = Debug|x86
		Release|x64 = Release|x64
		Release|x86 = Release|x86
	EndGlobalSection
	GlobalSection(ProjectConfigurationPlatforms) = postSolution
		{4CE28C84-0CB5-41F8-B2BE-F6454F34EB30}.Debug|x64.ActiveCfg = Debug|x64
		{4CE28C84-0CB5-41F8-B2BE-F6454F34EB30}.Debug|x64.Build.0 = Debug|x64
		{4CE28C84-0CB5-41F8-B2BE-F6454F34EB30}.Debug|x86.ActiveCfg = Debug|Win32
		{4CE28C84-0CB5-41F8-B2BE-F6454F34EB30}.Debug|x86.Build.0 = Debug|Win32
		{4CE28C84-0CB5-41F8-B2BE-F6454F34EB30}.Release|x64.ActiveCfg = Release|x64
		{4CE28C84-0CB5-41F8-B2BE-F6454F34EB30}.Release|x64.Build.0 = Release|x64
		{4CE28C84-0CB5-41F8-B2BE-F6454F34EB30}.Release|x86.ActiveCfg = Release|Win32
		{4CE28C84-0CB5-41F8-B2BE-F6454F34EB30}.Release|x86.Build.0 = Release|Win32
		{EB681D80-E0AE-4D9F-9AD5-15DFC8E7E558}.Debug|x64.ActiveCfg = Debug|x64
		{EB681D80-E0AE-4D9F-9AD5-15DFC8E7E558}.Debug|x64.Build.0 = Debug|x64
		{EB681D80-E0AE-4D9F-9AD5-15DFC8E7E558}.Debug|x86.ActiveCfg = Debug|Win32
		{EB681D80-E0AE-4D9F-9AD5-15DFC8E7E558}.Debug|x86.Build.0 = Debug|Win32
		{EB681D80-E0AE-4D9F-9AD5-15DFC8E7E558}.Release|x64.ActiveCfg = Release|x64
		{EB681D80-E0AE-4D9F-9AD5-15DFC8E7E558}.Release|x64.Build.0 = Release|x64
		{EB681D80-E0AE-4D9F-9AD5-15DFC8E7E558}.Release|x86.ActiveCfg = Release|Win32
		{EB681D80-E0AE-4D9F-9AD5-15DFC8E7E558}.Release|x86.Build.0 = Release|Win32
	EndGlobalSection
	GlobalSection(SolutionProperties) = preSolution
		HideSolutionNode = FALSE
	EndGlobalSection
	GlobalSection(ExtensibilityGlobals) = postSolution
		SolutionGuid = {50C1E3A1-6831-4CD5-915C-9B3241FB9640}
	EndGlobalSection
EndGlobal
